{
  "name": "Visual Studio 2022",
  "lockfileVersion": 2,
  "requires": true,
  "packages": {
    "": {
      "dependencies": {
        "@bjornlu/colorblind": "^1.0.3"
      }
    },
    "node_modules/@bjornlu/colorblind": {
      "version": "1.0.3",
      "resolved": "https://registry.npmjs.org/@bjornlu/colorblind/-/colorblind-1.0.3.tgz",
      "integrity": "sha512-RG9W0BuFib5xN19R4U1dFK7s26+UPiJqHdwqawpvH7sywXJ6zc37onPpRpnFP0aNuKLhhmuitqPAXxLxOA+HgQ=="
    }
  },
  "dependencies": {
    "@bjornlu/colorblind": {
      "version": "1.0.3",
      "type": "module",
      "resolved": "https://registry.npmjs.org/@bjornlu/colorblind/-/colorblind-1.0.3.tgz",
      "integrity": "sha512-RG9W0BuFib5xN19R4U1dFK7s26+UPiJqHdwqawpvH7sywXJ6zc37onPpRpnFP0aNuKLhhmuitqPAXxLxOA+HgQ=="
    }
  }
}
